
Microsoft Visual Studio Solution File, Format Version 12.00
# Visual Studio Version 17
VisualStudioVersion = 17.8.34330.188
MinimumVisualStudioVersion = 10.0.40219.1
Project("{9A19103F-16F7-4668-BE54-9A1E7A4F7556}") = "DetoxBackend", "DetoxBackend\DetoxBackend.csproj", "{F32BDB5B-6D87-4AF3-9ECC-737422EF8D6B}"
EndProject
Project("{9A19103F-16F7-4668-BE54-9A1E7A4F7556}") = "DeToxBrowserExtension", "DeToxBrowserExtension\DeToxBrowserExtension.csproj", "{932A7FE1-0D6A-462E-A775-F47FC7B6AABD}"
EndProject
Global
	GlobalSection(SolutionConfigurationPlatforms) = preSolution
		Debug|Any CPU = Debug|Any CPU
		Release|Any CPU = Release|Any CPU
	EndGlobalSection
	GlobalSection(ProjectConfigurationPlatforms) = postSolution
		{F32BDB5B-6D87-4AF3-9ECC-737422EF8D6B}.Debug|Any CPU.ActiveCfg = Debug|Any CPU
		{F32BDB5B-6D87-4AF3-9ECC-737422EF8D6B}.Debug|Any CPU.Build.0 = Debug|Any CPU
		{F32BDB5B-6D87-4AF3-9ECC-737422EF8D6B}.Release|Any CPU.ActiveCfg = Release|Any CPU
		{F32BDB5B-6D87-4AF3-9ECC-737422EF8D6B}.Release|Any CPU.Build.0 = Release|Any CPU
		{932A7FE1-0D6A-462E-A775-F47FC7B6AABD}.Debug|Any CPU.ActiveCfg = Debug|Any CPU
		{932A7FE1-0D6A-462E-A775-F47FC7B6AABD}.Debug|Any CPU.Build.0 = Debug|Any CPU
		{932A7FE1-0D6A-462E-A775-F47FC7B6AABD}.Release|Any CPU.ActiveCfg = Release|Any CPU
		{932A7FE1-0D6A-462E-A775-F47FC7B6AABD}.Release|Any CPU.Build.0 = Release|Any CPU
	EndGlobalSection
	GlobalSection(SolutionProperties) = preSolution
		HideSolutionNode = FALSE
	EndGlobalSection
	GlobalSection(ExtensibilityGlobals) = postSolution
		SolutionGuid = {6F145BA4-218D-47DD-A1FD-E3FF5EB6217C}
	EndGlobalSection
EndGlobal
